
Microsoft Visual Studio Solution File, Format Version 12.00
# Visual Studio 15
VisualStudioVersion = 15.0.36530.23
MinimumVisualStudioVersion = 10.0.40219.1
Project("{8BC9CEB8-8B4A-11D0-8D11-00A0C91BC942}") = "异形窗口", "异形窗口\异形窗口.vcxproj", "{79D7DDBC-3A92-42CD-9FAF-CFD842850247}"
EndProject
Project("{8BC9CEB8-8B4A-11D0-8D11-00A0C91BC942}") = "两种资源模式切换", "两种资源模式切换\两种资源模式切换.vcxproj", "{47E6560B-5F51-4FC7-BE42-5914D9BC1002}"
EndProject
Project("{8BC9CEB8-8B4A-11D0-8D11-00A0C91BC942}") = "综合展示", "综合展示\综合展示.vcxproj", "{D6B45A95-898A-DE0A-1708-4025D7F550DB}"
EndProject
Project("{8BC9CEB8-8B4A-11D0-8D11-00A0C91BC942}") = "增强四周拉伸手柄", "增强四周拉伸手柄\增强四周拉伸手柄.vcxproj", "{A0C64451-96D4-8F06-F235-76A62BAC78A8}"
EndProject
Project("{8BC9CEB8-8B4A-11D0-8D11-00A0C91BC942}") = "仿QQ启动特效", "仿QQ启动特效\仿QQ启动特效.vcxproj", "{0BBB8DEF-05E0-D4BE-0E0D-9C36FA34C23B}"
EndProject
Project("{8BC9CEB8-8B4A-11D0-8D11-00A0C91BC942}") = "MahApps.Metro", "MahApps.Metro\MahApps.Metro.vcxproj", "{86ABFD2D-61A4-DB96-A043-4019BFD9DECD}"
EndProject
Project("{8BC9CEB8-8B4A-11D0-8D11-00A0C91BC942}") = "JS相关", "JS相关\JS相关.vcxproj", "{78B2843C-3C44-0972-FB8A-80C1377DED84}"
EndProject
Project("{8BC9CEB8-8B4A-11D0-8D11-00A0C91BC942}") = "原生控件嵌入滚动区域", "原生控件嵌入滚动区域\原生控件嵌入滚动区域.vcxproj", "{153AE14F-93A7-4858-A4CA-01621FDEE799}"
EndProject
Project("{8BC9CEB8-8B4A-11D0-8D11-00A0C91BC942}") = "编辑框的弹出菜单自绘", "编辑框的弹出菜单自绘\编辑框的弹出菜单自绘.vcxproj", "{0D2C0A63-F157-8B05-93B1-0290EF53F261}"
EndProject
Project("{8BC9CEB8-8B4A-11D0-8D11-00A0C91BC942}") = "托盘右键菜单自绘", "托盘右键菜单自绘\托盘右键菜单自绘.vcxproj", "{88D0E540-3326-407D-95BC-FF8333EE2404}"
EndProject
Project("{8BC9CEB8-8B4A-11D0-8D11-00A0C91BC942}") = "嵌入内存图片", "嵌入内存图片\嵌入内存图片.vcxproj", "{2CA7C1DB-F01D-41A6-AFD6-4557B90D1E0F}"
EndProject
Project("{8BC9CEB8-8B4A-11D0-8D11-00A0C91BC942}") = "DWM背景特效", "DWM背景特效\DWM背景特效.vcxproj", "{72241E0F-0D1E-4479-BFC0-4525D7C82E1D}"
EndProject
Global
	GlobalSection(SolutionConfigurationPlatforms) = preSolution
		Debug|Win32 = Debug|Win32
		Debug|x64 = Debug|x64
		Release|Win32 = Release|Win32
		Release|x64 = Release|x64
		Source|Win32 = Source|Win32
		Source|x64 = Source|x64
	EndGlobalSection
	GlobalSection(ProjectConfigurationPlatforms) = postSolution
		{79D7DDBC-3A92-42CD-9FAF-CFD842850247}.Debug|Win32.ActiveCfg = Debug|Win32
		{79D7DDBC-3A92-42CD-9FAF-CFD842850247}.Debug|Win32.Build.0 = Debug|Win32
		{79D7DDBC-3A92-42CD-9FAF-CFD842850247}.Debug|x64.ActiveCfg = Debug|x64
		{79D7DDBC-3A92-42CD-9FAF-CFD842850247}.Debug|x64.Build.0 = Debug|x64
		{79D7DDBC-3A92-42CD-9FAF-CFD842850247}.Release|Win32.ActiveCfg = Release|Win32
		{79D7DDBC-3A92-42CD-9FAF-CFD842850247}.Release|Win32.Build.0 = Release|Win32
		{79D7DDBC-3A92-42CD-9FAF-CFD842850247}.Release|x64.ActiveCfg = Release|x64
		{79D7DDBC-3A92-42CD-9FAF-CFD842850247}.Release|x64.Build.0 = Release|x64
		{79D7DDBC-3A92-42CD-9FAF-CFD842850247}.Source|Win32.ActiveCfg = Debug|Win32
		{79D7DDBC-3A92-42CD-9FAF-CFD842850247}.Source|Win32.Build.0 = Debug|Win32
		{79D7DDBC-3A92-42CD-9FAF-CFD842850247}.Source|x64.ActiveCfg = Release|x64
		{79D7DDBC-3A92-42CD-9FAF-CFD842850247}.Source|x64.Build.0 = Release|x64
		{47E6560B-5F51-4FC7-BE42-5914D9BC1002}.Debug|Win32.ActiveCfg = Debug|Win32
		{47E6560B-5F51-4FC7-BE42-5914D9BC1002}.Debug|Win32.Build.0 = Debug|Win32
		{47E6560B-5F51-4FC7-BE42-5914D9BC1002}.Debug|x64.ActiveCfg = Debug|x64
		{47E6560B-5F51-4FC7-BE42-5914D9BC1002}.Debug|x64.Build.0 = Debug|x64
		{47E6560B-5F51-4FC7-BE42-5914D9BC1002}.Release|Win32.ActiveCfg = Release|Win32
		{47E6560B-5F51-4FC7-BE42-5914D9BC1002}.Release|Win32.Build.0 = Release|Win32
		{47E6560B-5F51-4FC7-BE42-5914D9BC1002}.Release|x64.ActiveCfg = Release|x64
		{47E6560B-5F51-4FC7-BE42-5914D9BC1002}.Release|x64.Build.0 = Release|x64
		{47E6560B-5F51-4FC7-BE42-5914D9BC1002}.Source|Win32.ActiveCfg = Debug|Win32
		{47E6560B-5F51-4FC7-BE42-5914D9BC1002}.Source|Win32.Build.0 = Debug|Win32
		{47E6560B-5F51-4FC7-BE42-5914D9BC1002}.Source|x64.ActiveCfg = Release|x64
		{47E6560B-5F51-4FC7-BE42-5914D9BC1002}.Source|x64.Build.0 = Release|x64
		{D6B45A95-898A-DE0A-1708-4025D7F550DB}.Debug|Win32.ActiveCfg = Debug|Win32
		{D6B45A95-898A-DE0A-1708-4025D7F550DB}.Debug|Win32.Build.0 = Debug|Win32
		{D6B45A95-898A-DE0A-1708-4025D7F550DB}.Debug|x64.ActiveCfg = Debug|x64
		{D6B45A95-898A-DE0A-1708-4025D7F550DB}.Debug|x64.Build.0 = Debug|x64
		{D6B45A95-898A-DE0A-1708-4025D7F550DB}.Release|Win32.ActiveCfg = Release|Win32
		{D6B45A95-898A-DE0A-1708-4025D7F550DB}.Release|Win32.Build.0 = Release|Win32
		{D6B45A95-898A-DE0A-1708-4025D7F550DB}.Release|x64.ActiveCfg = Release|x64
		{D6B45A95-898A-DE0A-1708-4025D7F550DB}.Release|x64.Build.0 = Release|x64
		{D6B45A95-898A-DE0A-1708-4025D7F550DB}.Source|Win32.ActiveCfg = Debug|Win32
		{D6B45A95-898A-DE0A-1708-4025D7F550DB}.Source|Win32.Build.0 = Debug|Win32
		{D6B45A95-898A-DE0A-1708-4025D7F550DB}.Source|x64.ActiveCfg = Release|x64
		{D6B45A95-898A-DE0A-1708-4025D7F550DB}.Source|x64.Build.0 = Release|x64
		{A0C64451-96D4-8F06-F235-76A62BAC78A8}.Debug|Win32.ActiveCfg = Debug|Win32
		{A0C64451-96D4-8F06-F235-76A62BAC78A8}.Debug|Win32.Build.0 = Debug|Win32
		{A0C64451-96D4-8F06-F235-76A62BAC78A8}.Debug|x64.ActiveCfg = Debug|x64
		{A0C64451-96D4-8F06-F235-76A62BAC78A8}.Debug|x64.Build.0 = Debug|x64
		{A0C64451-96D4-8F06-F235-76A62BAC78A8}.Release|Win32.ActiveCfg = Release|Win32
		{A0C64451-96D4-8F06-F235-76A62BAC78A8}.Release|Win32.Build.0 = Release|Win32
		{A0C64451-96D4-8F06-F235-76A62BAC78A8}.Release|x64.ActiveCfg = Release|x64
		{A0C64451-96D4-8F06-F235-76A62BAC78A8}.Release|x64.Build.0 = Release|x64
		{A0C64451-96D4-8F06-F235-76A62BAC78A8}.Source|Win32.ActiveCfg = Debug|Win32
		{A0C64451-96D4-8F06-F235-76A62BAC78A8}.Source|Win32.Build.0 = Debug|Win32
		{A0C64451-96D4-8F06-F235-76A62BAC78A8}.Source|x64.ActiveCfg = Release|x64
		{A0C64451-96D4-8F06-F235-76A62BAC78A8}.Source|x64.Build.0 = Release|x64
		{0BBB8DEF-05E0-D4BE-0E0D-9C36FA34C23B}.Debug|Win32.ActiveCfg = Debug|Win32
		{0BBB8DEF-05E0-D4BE-0E0D-9C36FA34C23B}.Debug|Win32.Build.0 = Debug|Win32
		{0BBB8DEF-05E0-D4BE-0E0D-9C36FA34C23B}.Debug|x64.ActiveCfg = Debug|x64
		{0BBB8DEF-05E0-D4BE-0E0D-9C36FA34C23B}.Debug|x64.Build.0 = Debug|x64
		{0BBB8DEF-05E0-D4BE-0E0D-9C36FA34C23B}.Release|Win32.ActiveCfg = Release|Win32
		{0BBB8DEF-05E0-D4BE-0E0D-9C36FA34C23B}.Release|Win32.Build.0 = Release|Win32
		{0BBB8DEF-05E0-D4BE-0E0D-9C36FA34C23B}.Release|x64.ActiveCfg = Release|x64
		{0BBB8DEF-05E0-D4BE-0E0D-9C36FA34C23B}.Release|x64.Build.0 = Release|x64
		{0BBB8DEF-05E0-D4BE-0E0D-9C36FA34C23B}.Source|Win32.ActiveCfg = Debug|Win32
		{0BBB8DEF-05E0-D4BE-0E0D-9C36FA34C23B}.Source|Win32.Build.0 = Debug|Win32
		{0BBB8DEF-05E0-D4BE-0E0D-9C36FA34C23B}.Source|x64.ActiveCfg = Release|x64
		{0BBB8DEF-05E0-D4BE-0E0D-9C36FA34C23B}.Source|x64.Build.0 = Release|x64
		{86ABFD2D-61A4-DB96-A043-4019BFD9DECD}.Debug|Win32.ActiveCfg = Debug|Win32
		{86ABFD2D-61A4-DB96-A043-4019BFD9DECD}.Debug|Win32.Build.0 = Debug|Win32
		{86ABFD2D-61A4-DB96-A043-4019BFD9DECD}.Debug|x64.ActiveCfg = Debug|x64
		{86ABFD2D-61A4-DB96-A043-4019BFD9DECD}.Debug|x64.Build.0 = Debug|x64
		{86ABFD2D-61A4-DB96-A043-4019BFD9DECD}.Release|Win32.ActiveCfg = Release|Win32
		{86ABFD2D-61A4-DB96-A043-4019BFD9DECD}.Release|Win32.Build.0 = Release|Win32
		{86ABFD2D-61A4-DB96-A043-4019BFD9DECD}.Release|x64.ActiveCfg = Release|x64
		{86ABFD2D-61A4-DB96-A043-4019BFD9DECD}.Release|x64.Build.0 = Release|x64
		{86ABFD2D-61A4-DB96-A043-4019BFD9DECD}.Source|Win32.ActiveCfg = Debug|Win32
		{86ABFD2D-61A4-DB96-A043-4019BFD9DECD}.Source|Win32.Build.0 = Debug|Win32
		{86ABFD2D-61A4-DB96-A043-4019BFD9DECD}.Source|x64.ActiveCfg = Release|x64
		{86ABFD2D-61A4-DB96-A043-4019BFD9DECD}.Source|x64.Build.0 = Release|x64
		{78B2843C-3C44-0972-FB8A-80C1377DED84}.Debug|Win32.ActiveCfg = Debug|Win32
		{78B2843C-3C44-0972-FB8A-80C1377DED84}.Debug|Win32.Build.0 = Debug|Win32
		{78B2843C-3C44-0972-FB8A-80C1377DED84}.Debug|x64.ActiveCfg = Debug|x64
		{78B2843C-3C44-0972-FB8A-80C1377DED84}.Debug|x64.Build.0 = Debug|x64
		{78B2843C-3C44-0972-FB8A-80C1377DED84}.Release|Win32.ActiveCfg = Release|Win32
		{78B2843C-3C44-0972-FB8A-80C1377DED84}.Release|Win32.Build.0 = Release|Win32
		{78B2843C-3C44-0972-FB8A-80C1377DED84}.Release|x64.ActiveCfg = Release|x64
		{78B2843C-3C44-0972-FB8A-80C1377DED84}.Release|x64.Build.0 = Release|x64
		{78B2843C-3C44-0972-FB8A-80C1377DED84}.Source|Win32.ActiveCfg = Debug|Win32
		{78B2843C-3C44-0972-FB8A-80C1377DED84}.Source|Win32.Build.0 = Debug|Win32
		{78B2843C-3C44-0972-FB8A-80C1377DED84}.Source|x64.ActiveCfg = Release|x64
		{78B2843C-3C44-0972-FB8A-80C1377DED84}.Source|x64.Build.0 = Release|x64
		{153AE14F-93A7-4858-A4CA-01621FDEE799}.Debug|Win32.ActiveCfg = Debug|Win32
		{153AE14F-93A7-4858-A4CA-01621FDEE799}.Debug|Win32.Build.0 = Debug|Win32
		{153AE14F-93A7-4858-A4CA-01621FDEE799}.Debug|x64.ActiveCfg = Debug|x64
		{153AE14F-93A7-4858-A4CA-01621FDEE799}.Debug|x64.Build.0 = Debug|x64
		{153AE14F-93A7-4858-A4CA-01621FDEE799}.Release|Win32.ActiveCfg = Release|Win32
		{153AE14F-93A7-4858-A4CA-01621FDEE799}.Release|Win32.Build.0 = Release|Win32
		{153AE14F-93A7-4858-A4CA-01621FDEE799}.Release|x64.ActiveCfg = Release|x64
		{153AE14F-93A7-4858-A4CA-01621FDEE799}.Release|x64.Build.0 = Release|x64
		{153AE14F-93A7-4858-A4CA-01621FDEE799}.Source|Win32.ActiveCfg = Debug|Win32
		{153AE14F-93A7-4858-A4CA-01621FDEE799}.Source|Win32.Build.0 = Debug|Win32
		{153AE14F-93A7-4858-A4CA-01621FDEE799}.Source|x64.ActiveCfg = Release|x64
		{153AE14F-93A7-4858-A4CA-01621FDEE799}.Source|x64.Build.0 = Release|x64
		{0D2C0A63-F157-8B05-93B1-0290EF53F261}.Debug|Win32.ActiveCfg = Debug|Win32
		{0D2C0A63-F157-8B05-93B1-0290EF53F261}.Debug|Win32.Build.0 = Debug|Win32
		{0D2C0A63-F157-8B05-93B1-0290EF53F261}.Debug|x64.ActiveCfg = Debug|x64
		{0D2C0A63-F157-8B05-93B1-0290EF53F261}.Debug|x64.Build.0 = Debug|x64
		{0D2C0A63-F157-8B05-93B1-0290EF53F261}.Release|Win32.ActiveCfg = Release|Win32
		{0D2C0A63-F157-8B05-93B1-0290EF53F261}.Release|Win32.Build.0 = Release|Win32
		{0D2C0A63-F157-8B05-93B1-0290EF53F261}.Release|x64.ActiveCfg = Release|x64
		{0D2C0A63-F157-8B05-93B1-0290EF53F261}.Release|x64.Build.0 = Release|x64
		{0D2C0A63-F157-8B05-93B1-0290EF53F261}.Source|Win32.ActiveCfg = Debug|Win32
		{0D2C0A63-F157-8B05-93B1-0290EF53F261}.Source|Win32.Build.0 = Debug|Win32
		{0D2C0A63-F157-8B05-93B1-0290EF53F261}.Source|x64.ActiveCfg = Release|x64
		{0D2C0A63-F157-8B05-93B1-0290EF53F261}.Source|x64.Build.0 = Release|x64
		{88D0E540-3326-407D-95BC-FF8333EE2404}.Debug|Win32.ActiveCfg = Debug|Win32
		{88D0E540-3326-407D-95BC-FF8333EE2404}.Debug|Win32.Build.0 = Debug|Win32
		{88D0E540-3326-407D-95BC-FF8333EE2404}.Debug|x64.ActiveCfg = Debug|x64
		{88D0E540-3326-407D-95BC-FF8333EE2404}.Debug|x64.Build.0 = Debug|x64
		{88D0E540-3326-407D-95BC-FF8333EE2404}.Release|Win32.ActiveCfg = Release|Win32
		{88D0E540-3326-407D-95BC-FF8333EE2404}.Release|Win32.Build.0 = Release|Win32
		{88D0E540-3326-407D-95BC-FF8333EE2404}.Release|x64.ActiveCfg = Release|x64
		{88D0E540-3326-407D-95BC-FF8333EE2404}.Release|x64.Build.0 = Release|x64
		{88D0E540-3326-407D-95BC-FF8333EE2404}.Source|Win32.ActiveCfg = Debug|Win32
		{88D0E540-3326-407D-95BC-FF8333EE2404}.Source|Win32.Build.0 = Debug|Win32
		{88D0E540-3326-407D-95BC-FF8333EE2404}.Source|x64.ActiveCfg = Release|x64
		{88D0E540-3326-407D-95BC-FF8333EE2404}.Source|x64.Build.0 = Release|x64
		{2CA7C1DB-F01D-41A6-AFD6-4557B90D1E0F}.Debug|Win32.ActiveCfg = Debug|Win32
		{2CA7C1DB-F01D-41A6-AFD6-4557B90D1E0F}.Debug|Win32.Build.0 = Debug|Win32
		{2CA7C1DB-F01D-41A6-AFD6-4557B90D1E0F}.Debug|x64.ActiveCfg = Debug|x64
		{2CA7C1DB-F01D-41A6-AFD6-4557B90D1E0F}.Debug|x64.Build.0 = Debug|x64
		{2CA7C1DB-F01D-41A6-AFD6-4557B90D1E0F}.Release|Win32.ActiveCfg = Release|Win32
		{2CA7C1DB-F01D-41A6-AFD6-4557B90D1E0F}.Release|Win32.Build.0 = Release|Win32
		{2CA7C1DB-F01D-41A6-AFD6-4557B90D1E0F}.Release|x64.ActiveCfg = Release|x64
		{2CA7C1DB-F01D-41A6-AFD6-4557B90D1E0F}.Release|x64.Build.0 = Release|x64
		{2CA7C1DB-F01D-41A6-AFD6-4557B90D1E0F}.Source|Win32.ActiveCfg = Debug|Win32
		{2CA7C1DB-F01D-41A6-AFD6-4557B90D1E0F}.Source|Win32.Build.0 = Debug|Win32
		{2CA7C1DB-F01D-41A6-AFD6-4557B90D1E0F}.Source|x64.ActiveCfg = Debug|Win32
		{72241E0F-0D1E-4479-BFC0-4525D7C82E1D}.Debug|Win32.ActiveCfg = Debug|Win32
		{72241E0F-0D1E-4479-BFC0-4525D7C82E1D}.Debug|Win32.Build.0 = Debug|Win32
		{72241E0F-0D1E-4479-BFC0-4525D7C82E1D}.Debug|x64.ActiveCfg = Debug|x64
		{72241E0F-0D1E-4479-BFC0-4525D7C82E1D}.Debug|x64.Build.0 = Debug|x64
		{72241E0F-0D1E-4479-BFC0-4525D7C82E1D}.Release|Win32.ActiveCfg = Release|Win32
		{72241E0F-0D1E-4479-BFC0-4525D7C82E1D}.Release|Win32.Build.0 = Release|Win32
		{72241E0F-0D1E-4479-BFC0-4525D7C82E1D}.Release|x64.ActiveCfg = Release|x64
		{72241E0F-0D1E-4479-BFC0-4525D7C82E1D}.Release|x64.Build.0 = Release|x64
		{72241E0F-0D1E-4479-BFC0-4525D7C82E1D}.Source|Win32.ActiveCfg = Release|Win32
		{72241E0F-0D1E-4479-BFC0-4525D7C82E1D}.Source|Win32.Build.0 = Release|Win32
		{72241E0F-0D1E-4479-BFC0-4525D7C82E1D}.Source|x64.ActiveCfg = Release|x64
		{72241E0F-0D1E-4479-BFC0-4525D7C82E1D}.Source|x64.Build.0 = Release|x64
	EndGlobalSection
	GlobalSection(SolutionProperties) = preSolution
		HideSolutionNode = FALSE
	EndGlobalSection
	GlobalSection(ExtensibilityGlobals) = postSolution
		SolutionGuid = {B862C08A-5E15-42C8-9204-858068EC8582}
	EndGlobalSection
EndGlobal
