<?xml version="1.0" encoding="utf-8"?>
<Project ToolsVersion="4.0" xmlns="http://schemas.microsoft.com/developer/msbuild/2003">
  <ItemGroup>
    <Filter Include="源文件">
      <UniqueIdentifier>{4FC737F1-C7A5-4376-A066-2A32D752A2FF}</UniqueIdentifier>
      <Extensions>cpp;c;cc;cxx;def;odl;idl;hpj;bat;asm;asmx</Extensions>
    </Filter>
    <Filter Include="头文件">
      <UniqueIdentifier>{93995380-89BD-4b04-88EB-625FBE52EBFB}</UniqueIdentifier>
      <Extensions>h;hh;hpp;hxx;hm;inl;inc;xsd</Extensions>
    </Filter>
    <Filter Include="资源文件">
      <UniqueIdentifier>{67DA6AB6-F800-4c08-8B7A-83BB121AAD01}</UniqueIdentifier>
      <Extensions>rc;ico;cur;bmp;dlg;rc2;rct;bin;rgs;gif;jpg;jpeg;jpe;resx;tiff;tif;png;wav;mfcribbon-ms</Extensions>
    </Filter>
    <Filter Include="BEBuild">
      <UniqueIdentifier>{7c2e21a7-e9dc-4d8e-8ada-724ee21cf30b}</UniqueIdentifier>
    </Filter>
  </ItemGroup>
  <ItemGroup>
    <ClCompile Include="main.cpp">
      <Filter>源文件</Filter>
    </ClCompile>
    <ClCompile Include="BE_zlib.cpp">
      <Filter>源文件</Filter>
    </ClCompile>
    <ClCompile Include="native\gzlib.c">
      <Filter>源文件</Filter>
    </ClCompile>
    <ClCompile Include="native\gzread.c">
      <Filter>源文件</Filter>
    </ClCompile>
    <ClCompile Include="native\gzwrite.c">
      <Filter>源文件</Filter>
    </ClCompile>
    <ClCompile Include="native\infback.c">
      <Filter>源文件</Filter>
    </ClCompile>
    <ClCompile Include="native\inffast.c">
      <Filter>源文件</Filter>
    </ClCompile>
    <ClCompile Include="native\inflate.c">
      <Filter>源文件</Filter>
    </ClCompile>
    <ClCompile Include="native\inftrees.c">
      <Filter>源文件</Filter>
    </ClCompile>
    <ClCompile Include="native\trees.c">
      <Filter>源文件</Filter>
    </ClCompile>
    <ClCompile Include="native\uncompr.c">
      <Filter>源文件</Filter>
    </ClCompile>
    <ClCompile Include="native\zutil.c">
      <Filter>源文件</Filter>
    </ClCompile>
    <ClCompile Include="native\adler32.c">
      <Filter>源文件</Filter>
    </ClCompile>
    <ClCompile Include="native\compress.c">
      <Filter>源文件</Filter>
    </ClCompile>
    <ClCompile Include="native\crc32.c">
      <Filter>源文件</Filter>
    </ClCompile>
    <ClCompile Include="native\deflate.c">
      <Filter>源文件</Filter>
    </ClCompile>
    <ClCompile Include="native\gzclose.c">
      <Filter>源文件</Filter>
    </ClCompile>
  </ItemGroup>
  <ItemGroup>
    <ClInclude Include="stdafx.h">
      <Filter>头文件</Filter>
    </ClInclude>
    <ClInclude Include="BE_zlib.h">
      <Filter>头文件</Filter>
    </ClInclude>
    <ClInclude Include="BEMod\BEMod.h">
      <Filter>BEBuild</Filter>
    </ClInclude>
  </ItemGroup>
</Project>