
Microsoft Visual Studio Solution File, Format Version 12.00
# Visual Studio 15
VisualStudioVersion = 15.0.36530.23
MinimumVisualStudioVersion = 10.0.40219.1
Project("{8BC9CEB8-8B4A-11D0-8D11-00A0C91BC942}") = "外形框测试", "外形框测试\外形框测试.vcxproj", "{EEAEC3ED-2C6D-4757-BA51-E67391D3D298}"
EndProject
Project("{8BC9CEB8-8B4A-11D0-8D11-00A0C91BC942}") = "选择夹测试", "选择夹测试\选择夹测试.vcxproj", "{A35CEA5A-EE4F-4156-990E-2B846082A755}"
EndProject
Project("{8BC9CEB8-8B4A-11D0-8D11-00A0C91BC942}") = "图片框背景透明案例", "图片框背景透明案例\图片框背景透明案例.vcxproj", "{95969665-9160-4BBE-BBC5-DE795F5D3A72}"
EndProject
Project("{8BC9CEB8-8B4A-11D0-8D11-00A0C91BC942}") = "简单GDI绘制操作", "简单GDI绘制操作\简单GDI绘制操作.vcxproj", "{E21BDCE8-29C2-48FC-8600-1964783A8785}"
EndProject
Project("{8BC9CEB8-8B4A-11D0-8D11-00A0C91BC942}") = "控件tab顺序_系统热键响应等杂项", "控件tab顺序_系统热键响应等杂项\控件tab顺序_系统热键响应等杂项.vcxproj", "{9A82ACF7-625F-41C4-8403-F936A4E9EFB9}"
EndProject
Project("{8BC9CEB8-8B4A-11D0-8D11-00A0C91BC942}") = "各原生控件背景透明测试", "各原生控件背景透明测试\各原生控件背景透明测试.vcxproj", "{49BCED79-525A-479C-A567-476309BB65A3}"
EndProject
Project("{8BC9CEB8-8B4A-11D0-8D11-00A0C91BC942}") = "菜单与快捷键绑定", "菜单与快捷键绑定\菜单与快捷键绑定.vcxproj", "{6182CB67-37C4-4403-83B9-A8BA2C3751A4}"
EndProject
Project("{8BC9CEB8-8B4A-11D0-8D11-00A0C91BC942}") = "几种添加控件的风格", "几种添加控件的风格\几种添加控件的风格.vcxproj", "{06F931E4-8647-4B26-B593-225C01C30EA4}"
EndProject
Global
	GlobalSection(SolutionConfigurationPlatforms) = preSolution
		CWinDbg|Win32 = CWinDbg|Win32
		CWinDbg|x64 = CWinDbg|x64
		Debug|Win32 = Debug|Win32
		Debug|x64 = Debug|x64
		Release|Win32 = Release|Win32
		Release|x64 = Release|x64
	EndGlobalSection
	GlobalSection(ProjectConfigurationPlatforms) = postSolution
		{EEAEC3ED-2C6D-4757-BA51-E67391D3D298}.CWinDbg|Win32.ActiveCfg = Release|Win32
		{EEAEC3ED-2C6D-4757-BA51-E67391D3D298}.CWinDbg|Win32.Build.0 = Release|Win32
		{EEAEC3ED-2C6D-4757-BA51-E67391D3D298}.CWinDbg|x64.ActiveCfg = Release|x64
		{EEAEC3ED-2C6D-4757-BA51-E67391D3D298}.CWinDbg|x64.Build.0 = Release|x64
		{EEAEC3ED-2C6D-4757-BA51-E67391D3D298}.Debug|Win32.ActiveCfg = Debug|Win32
		{EEAEC3ED-2C6D-4757-BA51-E67391D3D298}.Debug|Win32.Build.0 = Debug|Win32
		{EEAEC3ED-2C6D-4757-BA51-E67391D3D298}.Debug|x64.ActiveCfg = Debug|x64
		{EEAEC3ED-2C6D-4757-BA51-E67391D3D298}.Debug|x64.Build.0 = Debug|x64
		{EEAEC3ED-2C6D-4757-BA51-E67391D3D298}.Release|Win32.ActiveCfg = Release|Win32
		{EEAEC3ED-2C6D-4757-BA51-E67391D3D298}.Release|Win32.Build.0 = Release|Win32
		{EEAEC3ED-2C6D-4757-BA51-E67391D3D298}.Release|x64.ActiveCfg = Release|x64
		{EEAEC3ED-2C6D-4757-BA51-E67391D3D298}.Release|x64.Build.0 = Release|x64
		{A35CEA5A-EE4F-4156-990E-2B846082A755}.CWinDbg|Win32.ActiveCfg = Release|Win32
		{A35CEA5A-EE4F-4156-990E-2B846082A755}.CWinDbg|Win32.Build.0 = Release|Win32
		{A35CEA5A-EE4F-4156-990E-2B846082A755}.CWinDbg|x64.ActiveCfg = Release|x64
		{A35CEA5A-EE4F-4156-990E-2B846082A755}.CWinDbg|x64.Build.0 = Release|x64
		{A35CEA5A-EE4F-4156-990E-2B846082A755}.Debug|Win32.ActiveCfg = Debug|Win32
		{A35CEA5A-EE4F-4156-990E-2B846082A755}.Debug|Win32.Build.0 = Debug|Win32
		{A35CEA5A-EE4F-4156-990E-2B846082A755}.Debug|x64.ActiveCfg = Debug|x64
		{A35CEA5A-EE4F-4156-990E-2B846082A755}.Debug|x64.Build.0 = Debug|x64
		{A35CEA5A-EE4F-4156-990E-2B846082A755}.Release|Win32.ActiveCfg = Release|Win32
		{A35CEA5A-EE4F-4156-990E-2B846082A755}.Release|Win32.Build.0 = Release|Win32
		{A35CEA5A-EE4F-4156-990E-2B846082A755}.Release|x64.ActiveCfg = Release|x64
		{A35CEA5A-EE4F-4156-990E-2B846082A755}.Release|x64.Build.0 = Release|x64
		{95969665-9160-4BBE-BBC5-DE795F5D3A72}.CWinDbg|Win32.ActiveCfg = Release|Win32
		{95969665-9160-4BBE-BBC5-DE795F5D3A72}.CWinDbg|Win32.Build.0 = Release|Win32
		{95969665-9160-4BBE-BBC5-DE795F5D3A72}.CWinDbg|x64.ActiveCfg = Release|x64
		{95969665-9160-4BBE-BBC5-DE795F5D3A72}.CWinDbg|x64.Build.0 = Release|x64
		{95969665-9160-4BBE-BBC5-DE795F5D3A72}.Debug|Win32.ActiveCfg = Debug|Win32
		{95969665-9160-4BBE-BBC5-DE795F5D3A72}.Debug|Win32.Build.0 = Debug|Win32
		{95969665-9160-4BBE-BBC5-DE795F5D3A72}.Debug|x64.ActiveCfg = Debug|x64
		{95969665-9160-4BBE-BBC5-DE795F5D3A72}.Debug|x64.Build.0 = Debug|x64
		{95969665-9160-4BBE-BBC5-DE795F5D3A72}.Release|Win32.ActiveCfg = Release|Win32
		{95969665-9160-4BBE-BBC5-DE795F5D3A72}.Release|Win32.Build.0 = Release|Win32
		{95969665-9160-4BBE-BBC5-DE795F5D3A72}.Release|x64.ActiveCfg = Release|x64
		{95969665-9160-4BBE-BBC5-DE795F5D3A72}.Release|x64.Build.0 = Release|x64
		{E21BDCE8-29C2-48FC-8600-1964783A8785}.CWinDbg|Win32.ActiveCfg = Release|Win32
		{E21BDCE8-29C2-48FC-8600-1964783A8785}.CWinDbg|Win32.Build.0 = Release|Win32
		{E21BDCE8-29C2-48FC-8600-1964783A8785}.CWinDbg|x64.ActiveCfg = Release|x64
		{E21BDCE8-29C2-48FC-8600-1964783A8785}.CWinDbg|x64.Build.0 = Release|x64
		{E21BDCE8-29C2-48FC-8600-1964783A8785}.Debug|Win32.ActiveCfg = Debug|Win32
		{E21BDCE8-29C2-48FC-8600-1964783A8785}.Debug|Win32.Build.0 = Debug|Win32
		{E21BDCE8-29C2-48FC-8600-1964783A8785}.Debug|x64.ActiveCfg = Debug|x64
		{E21BDCE8-29C2-48FC-8600-1964783A8785}.Debug|x64.Build.0 = Debug|x64
		{E21BDCE8-29C2-48FC-8600-1964783A8785}.Release|Win32.ActiveCfg = Release|Win32
		{E21BDCE8-29C2-48FC-8600-1964783A8785}.Release|Win32.Build.0 = Release|Win32
		{E21BDCE8-29C2-48FC-8600-1964783A8785}.Release|x64.ActiveCfg = Release|x64
		{E21BDCE8-29C2-48FC-8600-1964783A8785}.Release|x64.Build.0 = Release|x64
		{9A82ACF7-625F-41C4-8403-F936A4E9EFB9}.CWinDbg|Win32.ActiveCfg = Release|Win32
		{9A82ACF7-625F-41C4-8403-F936A4E9EFB9}.CWinDbg|Win32.Build.0 = Release|Win32
		{9A82ACF7-625F-41C4-8403-F936A4E9EFB9}.CWinDbg|x64.ActiveCfg = Release|x64
		{9A82ACF7-625F-41C4-8403-F936A4E9EFB9}.CWinDbg|x64.Build.0 = Release|x64
		{9A82ACF7-625F-41C4-8403-F936A4E9EFB9}.Debug|Win32.ActiveCfg = Debug|Win32
		{9A82ACF7-625F-41C4-8403-F936A4E9EFB9}.Debug|Win32.Build.0 = Debug|Win32
		{9A82ACF7-625F-41C4-8403-F936A4E9EFB9}.Debug|x64.ActiveCfg = Debug|x64
		{9A82ACF7-625F-41C4-8403-F936A4E9EFB9}.Debug|x64.Build.0 = Debug|x64
		{9A82ACF7-625F-41C4-8403-F936A4E9EFB9}.Release|Win32.ActiveCfg = Release|Win32
		{9A82ACF7-625F-41C4-8403-F936A4E9EFB9}.Release|Win32.Build.0 = Release|Win32
		{9A82ACF7-625F-41C4-8403-F936A4E9EFB9}.Release|x64.ActiveCfg = Release|x64
		{9A82ACF7-625F-41C4-8403-F936A4E9EFB9}.Release|x64.Build.0 = Release|x64
		{49BCED79-525A-479C-A567-476309BB65A3}.CWinDbg|Win32.ActiveCfg = Release|Win32
		{49BCED79-525A-479C-A567-476309BB65A3}.CWinDbg|Win32.Build.0 = Release|Win32
		{49BCED79-525A-479C-A567-476309BB65A3}.CWinDbg|x64.ActiveCfg = Release|x64
		{49BCED79-525A-479C-A567-476309BB65A3}.CWinDbg|x64.Build.0 = Release|x64
		{49BCED79-525A-479C-A567-476309BB65A3}.Debug|Win32.ActiveCfg = Debug|Win32
		{49BCED79-525A-479C-A567-476309BB65A3}.Debug|Win32.Build.0 = Debug|Win32
		{49BCED79-525A-479C-A567-476309BB65A3}.Debug|x64.ActiveCfg = Debug|x64
		{49BCED79-525A-479C-A567-476309BB65A3}.Debug|x64.Build.0 = Debug|x64
		{49BCED79-525A-479C-A567-476309BB65A3}.Release|Win32.ActiveCfg = Release|Win32
		{49BCED79-525A-479C-A567-476309BB65A3}.Release|Win32.Build.0 = Release|Win32
		{49BCED79-525A-479C-A567-476309BB65A3}.Release|x64.ActiveCfg = Release|x64
		{49BCED79-525A-479C-A567-476309BB65A3}.Release|x64.Build.0 = Release|x64
		{6182CB67-37C4-4403-83B9-A8BA2C3751A4}.CWinDbg|Win32.ActiveCfg = Release|Win32
		{6182CB67-37C4-4403-83B9-A8BA2C3751A4}.CWinDbg|Win32.Build.0 = Release|Win32
		{6182CB67-37C4-4403-83B9-A8BA2C3751A4}.CWinDbg|x64.ActiveCfg = Release|x64
		{6182CB67-37C4-4403-83B9-A8BA2C3751A4}.CWinDbg|x64.Build.0 = Release|x64
		{6182CB67-37C4-4403-83B9-A8BA2C3751A4}.Debug|Win32.ActiveCfg = Debug|Win32
		{6182CB67-37C4-4403-83B9-A8BA2C3751A4}.Debug|Win32.Build.0 = Debug|Win32
		{6182CB67-37C4-4403-83B9-A8BA2C3751A4}.Debug|x64.ActiveCfg = Debug|x64
		{6182CB67-37C4-4403-83B9-A8BA2C3751A4}.Debug|x64.Build.0 = Debug|x64
		{6182CB67-37C4-4403-83B9-A8BA2C3751A4}.Release|Win32.ActiveCfg = Release|Win32
		{6182CB67-37C4-4403-83B9-A8BA2C3751A4}.Release|Win32.Build.0 = Release|Win32
		{6182CB67-37C4-4403-83B9-A8BA2C3751A4}.Release|x64.ActiveCfg = Release|x64
		{6182CB67-37C4-4403-83B9-A8BA2C3751A4}.Release|x64.Build.0 = Release|x64
		{06F931E4-8647-4B26-B593-225C01C30EA4}.CWinDbg|Win32.ActiveCfg = Release|Win32
		{06F931E4-8647-4B26-B593-225C01C30EA4}.CWinDbg|Win32.Build.0 = Release|Win32
		{06F931E4-8647-4B26-B593-225C01C30EA4}.CWinDbg|x64.ActiveCfg = Release|x64
		{06F931E4-8647-4B26-B593-225C01C30EA4}.CWinDbg|x64.Build.0 = Release|x64
		{06F931E4-8647-4B26-B593-225C01C30EA4}.Debug|Win32.ActiveCfg = Debug|Win32
		{06F931E4-8647-4B26-B593-225C01C30EA4}.Debug|Win32.Build.0 = Debug|Win32
		{06F931E4-8647-4B26-B593-225C01C30EA4}.Debug|x64.ActiveCfg = Debug|x64
		{06F931E4-8647-4B26-B593-225C01C30EA4}.Debug|x64.Build.0 = Debug|x64
		{06F931E4-8647-4B26-B593-225C01C30EA4}.Release|Win32.ActiveCfg = Release|Win32
		{06F931E4-8647-4B26-B593-225C01C30EA4}.Release|Win32.Build.0 = Release|Win32
		{06F931E4-8647-4B26-B593-225C01C30EA4}.Release|x64.ActiveCfg = Release|x64
		{06F931E4-8647-4B26-B593-225C01C30EA4}.Release|x64.Build.0 = Release|x64
	EndGlobalSection
	GlobalSection(SolutionProperties) = preSolution
		HideSolutionNode = FALSE
	EndGlobalSection
	GlobalSection(ExtensibilityGlobals) = postSolution
		SolutionGuid = {0AF9ACD6-6ACE-4236-8364-A50E8839796E}
	EndGlobalSection
EndGlobal
